PODS:
  - Alamofire (4.5.0)
  - AlamofireImage (3.2.0):
    - Alamofire (~> 4.1)
  - ImageSlideshow (1.3.2):
    - ImageSlideshow/Core (= 1.3.2)
  - ImageSlideshow/Alamofire (1.3.2):
    - AlamofireImage (~> 3.0)
    - ImageSlideshow/Core
  - ImageSlideshow/Core (1.3.2)
  - SwiftyJSON (3.1.4)

DEPENDENCIES:
  - AlamofireImage (~> 3.1)
  - ImageSlideshow (~> 1.3)
  - ImageSlideshow/Alamofire
  - SwiftyJSON (~> 3.1)

SPEC CHECKSUMS:
  Alamofire: f28cdffd29de33a7bfa022cbd63ae95a27fae140
  AlamofireImage: 157ed682cc81d3b9db4fb90c1f12180ac552d93b
  ImageSlideshow: a68a76fc618ebd2b7481ce355ad67d7097203976
  SwiftyJSON: c2842d878f95482ffceec5709abc3d05680c0220

PODFILE CHECKSUM: db4d84cdf3d5e8c68fdd9be7b297b185010822e5

COCOAPODS: 1.2.1
