PODS:
  - Alamofire (4.5.0)
  - AlamofireImage (3.2.0):
    - Alamofire (~> 4.1)
  - Gecco (1.0.0)
  - SwiftyJSON (3.1.4)

DEPENDENCIES:
  - AlamofireImage (~> 3.1)
  - Gecco
  - SwiftyJSON (~> 3.1)

SPEC CHECKSUMS:
  Alamofire: f28cdffd29de33a7bfa022cbd63ae95a27fae140
  AlamofireImage: 157ed682cc81d3b9db4fb90c1f12180ac552d93b
  Gecco: e662f949821e742997787bad7b730ccc0052e43c
  SwiftyJSON: c2842d878f95482ffceec5709abc3d05680c0220

PODFILE CHECKSUM: 82f46db9a76136447905b4788080fd42893569cc

COCOAPODS: 1.2.1
